bitbucket.org/exotel/apix v0.0.0-20190923091430-bfef6d8aeaf8/go.mod h1:MdyWWL6w2pJr7YZogSXaMKDHLM7E4yyi75Ca02qjzBc=
bitbucket.org/exotel/exotel_code/commonix/exoerror/go v0.0.0-20190701053934-0931450c93d2/go.mod h1:hVuidZ+dgMT8mUyXtbtAahwPKloZVbCyJpNTsRGNN7c=
bitbucket.org/exotel/exotel_code/commonix/exoerror/go v0.0.0-20190726090542-387cc292c2eb/go.mod h1:hVuidZ+dgMT8mUyXtbtAahwPKloZVbCyJpNTsRGNN7c=
bitbucket.org/exotel/exotel_code/commonix/exoerror/go v0.0.0-20190807093722-9274513ff895 h1:MGW0DfTPLjKzZQAMeX07UKqS9A3Euu3DMCL3qkjC8FI=
bitbucket.org/exotel/exotel_code/commonix/exoerror/go v0.0.0-20190807093722-9274513ff895/go.mod h1:hVuidZ+dgMT8mUyXtbtAahwPKloZVbCyJpNTsRGNN7c=
bitbucket.org/exotel/exotel_code/commonix/lib/db/aerospike/go1.12 v0.0.0-20190808152206-810d0bb07a01 h1:iCbDDLCPMS676RJWl9xW+7DHrttftHIE0Xyq+5m8EG8=
bitbucket.org/exotel/exotel_code/commonix/lib/db/aerospike/go1.12 v0.0.0-20190808152206-810d0bb07a01/go.mod h1:+KsnX5CstPlBFNSeFgc4Qe4LmMXZsKSBI2qLiD11NSM=
bitbucket.org/exotel/exotel_code/commonix/lib/db/docstore v0.0.0-20190717101344-aaf5cf33ddbb/go.mod h1:OTVSOVwy2VdQN8Q/Zx+cFmr85JsCcxgqw2Vl+cH1gbI=
bitbucket.org/exotel/exotel_code/commonix/lib/db/docstore v0.0.0-20190717174859-9b1d7e22f616/go.mod h1:GSpCh0l2ZpgDzJH6wvPNlob3AoNO6ZWP9F/35V28N6o=
bitbucket.org/exotel/exotel_code/commonix/lib/db/mongo/go v0.0.0-20190722130833-f81686704045/go.mod h1:1UffiXFUCiwWOvzU/tZlYOpndxWgemYHI4q8+47/XcM=
bitbucket.org/exotel/exotel_code/commonix/lib/db/mongo/go v0.0.0-20190808152206-810d0bb07a01/go.mod h1:1UffiXFUCiwWOvzU/tZlYOpndxWgemYHI4q8+47/XcM=
bitbucket.org/exotel/exotel_code/commonix/lib/emailverifier/go v0.0.0-20190805131103-745170f2a832/go.mod h1:VG8pDrAQYZzb0MokvfD01WbLlh6MtdGxnzZA3NCn2K0=
bitbucket.org/exotel/exotel_code/commonix/lib/exoctx/go v0.0.0-20190701053934-0931450c93d2/go.mod h1:k8At54F2qnCnL/GcE+qFqlecoh10ByYlsa4+bE4klnc=
bitbucket.org/exotel/exotel_code/commonix/lib/exoctx/go v0.0.0-20190718060147-cc17d9da8f2a/go.mod h1:k8At54F2qnCnL/GcE+qFqlecoh10ByYlsa4+bE4klnc=
bitbucket.org/exotel/exotel_code/commonix/lib/exoctx/go v0.0.0-20190807093722-9274513ff895 h1:eAtGK+3/8ZhFiakCTDpkC44XiZOkFLlPiAR58X5OlcY=
bitbucket.org/exotel/exotel_code/commonix/lib/exoctx/go v0.0.0-20190807093722-9274513ff895/go.mod h1:k8At54F2qnCnL/GcE+qFqlecoh10ByYlsa4+bE4klnc=
bitbucket.org/exotel/exotel_code/commonix/lib/exologger/go v0.0.0-20190621110025-d4498917e883/go.mod h1:B5+sMJt7sxCRKdw4faeseWFbFo96ucfXy54oC9T2WWY=
bitbucket.org/exotel/exotel_code/commonix/lib/exologger/go v0.0.0-20190718060147-cc17d9da8f2a/go.mod h1:B5+sMJt7sxCRKdw4faeseWFbFo96ucfXy54oC9T2WWY=
bitbucket.org/exotel/exotel_code/commonix/lib/exologger/go v0.0.0-20190807093722-9274513ff895 h1:B8DvgEdyVV6/GuwnQ6TK9mrGuct/dL+IDU1/wzWzlWk=
bitbucket.org/exotel/exotel_code/commonix/lib/exologger/go v0.0.0-20190807093722-9274513ff895/go.mod h1:B5+sMJt7sxCRKdw4faeseWFbFo96ucfXy54oC9T2WWY=
bitbucket.org/exotel/exotel_code/commonix/lib/go/types v0.0.0-20190716225620-f59085ae0458/go.mod h1:p1lU+jKcWn1nfgzslt/lSPI7e35AaRfJF7GkEhVKXyM=
bitbucket.org/exotel/exotel_code/commonix/lib/go/types v0.0.0-20190718060147-cc17d9da8f2a h1:n0Ljqil9+S5ommWPLMHcn+y7rrt9+E+iIZWB5RmKtnk=
bitbucket.org/exotel/exotel_code/commonix/lib/go/types v0.0.0-20190718060147-cc17d9da8f2a/go.mod h1:YUk8RYLxok41OjLgaqeHU/O09c9byZ03zeuBfdRnZ7E=
bitbucket.org/exotel/exotel_code/commonix/lib/go/utils v0.0.0-20190716144943-f2961c4f40bf/go.mod h1:GS1jUQGV2blW0lE9QlBKbxI+21StRcrmT6O11EB5ivw=
bitbucket.org/exotel/exotel_code/commonix/lib/go/utils v0.0.0-20190718060147-cc17d9da8f2a/go.mod h1:GS1jUQGV2blW0lE9QlBKbxI+21StRcrmT6O11EB5ivw=
bitbucket.org/exotel/exotel_code/commonix/lib/go/utils v0.0.0-20190805042420-274c167bbed8 h1:Kr5tJ2SOW4dBXumeNXiPmSGla62CT6yMWpCVFxIPx/w=
bitbucket.org/exotel/exotel_code/commonix/lib/go/utils v0.0.0-20190805042420-274c167bbed8/go.mod h1:GS1jUQGV2blW0lE9QlBKbxI+21StRcrmT6O11EB5ivw=
bitbucket.org/exotel/exotel_code/commonix/lib/iamsdk/go v0.0.0-20190923090744-7ecd9ac26a63/go.mod h1:NTnc1k/mxPr3QV0Tw7JRG445jCvD6IV1Yn08qs9x6gs=
bitbucket.org/exotel/exotel_code/commonix/lib/iamsdk/go v0.0.0-20191015110640-e0c47a2f07dc h1:1T+4697NWXHDylT3ikRWrMiHp2OCmafYkCyG3cM2MjA=
bitbucket.org/exotel/exotel_code/commonix/lib/iamsdk/go v0.0.0-20191015110640-e0c47a2f07dc/go.mod h1:NTnc1k/mxPr3QV0Tw7JRG445jCvD6IV1Yn08qs9x6gs=
bitbucket.org/exotel/exotel_code/commonix/lib/telemetrix/go v0.0.0-20190807065121-29e9afee6be6 h1:LJR7Sg82ElkY2NI6a9BypcXZE3UPNzS/yPPRRHhh8Y8=
bitbucket.org/exotel/exotel_code/commonix/lib/telemetrix/go v0.0.0-20190807065121-29e9afee6be6/go.mod h1:og7YYywpaeGnueZEFgCDwlcFPNLBchsCQR3DVbOhWdU=
bitbucket.org/exotel/gandalf v0.0.0-20191205022826-10a54ace2904 h1:vRrLE2TQNqcFLModY5QDEhHlt89S6zOrey0uJRGP04o=
bitbucket.org/exotel/gandalf v0.0.0-20191205022826-10a54ace2904/go.mod h1:SThGgBfk1GVW/Ljc2791niOtT8qeYxGCEjuZpQnkYbE=
bitbucket.org/exotel/iam/gandalf v0.0.0-20190806072456-cab13ee37acd/go.mod h1:PWMMVo4gS/qKH0Kq8sPIxOpp9TyyXnXRRULvWosU8AM=
bitbucket.org/exotel/iam/gandalf v0.0.0-20190808074204-42683dc38988/go.mod h1:PWMMVo4gS/qKH0Kq8sPIxOpp9TyyXnXRRULvWosU8AM=
bitbucket.org/exotel/iam/gandalf v0.0.0-20190808185947-f55a453f7503/go.mod h1:s1vAAS6Hin0J6xbLJuHSGiK4vhQ++Fv51Sqi8ZrRfxw=
bitbucket.org/exotel/iam/identifix v0.0.0-20190808054400-187482f131ae/go.mod h1:b06ObVcLmX6UaL1YOhoLUfzNCVPBI57L0a7/nYdG7/c=
bitbucket.org/exotel/iam/identifix v0.0.0-20190808153338-3e682f2388af/go.mod h1:b06ObVcLmX6UaL1YOhoLUfzNCVPBI57L0a7/nYdG7/c=
bitbucket.org/exotel/iam/identifix v0.0.0-20190813060601-39ba4ee8209a h1:p7HwC2nMy6t8CKp9G7m8iT+ssxz+V6b1hrsSC0/l2Iw=
bitbucket.org/exotel/iam/identifix v0.0.0-20190813060601-39ba4ee8209a/go.mod h1:b06ObVcLmX6UaL1YOhoLUfzNCVPBI57L0a7/nYdG7/c=
bitbucket.org/exotel/iam/tokenix v0.0.0-20190808153338-3e682f2388af/go.mod h1:WLqutNKuW6rG2qGSXp704QlVoXZR9is7Gm5/VCcoM1c=
bitbucket.org/exotel/iam/tokenix v0.0.0-20190823054652-3ae984aebe8c h1:nqJzBeAkcY1Pr7GwFdQTfu73A/ZY6zYRcySy3BRKiXo=
bitbucket.org/exotel/iam/tokenix v0.0.0-20190823054652-3ae984aebe8c/go.mod h1:uXoiBxcIGJprOtzaO+GZycyMubbK95poZSGXWkxX4n0=
bitbucket.org/exotel/identifix v0.0.0-20191205024557-f9d513d9bd6f h1:oQ1EEUWjlp4MABJhcQkmbcHEE4unkObTygw1qITzyNE=
bitbucket.org/exotel/identifix v0.0.0-20191205024557-f9d513d9bd6f/go.mod h1:jQfyWb0ul9dnURNbOzVTzJe12X0QT32dHuGE+GgIlE4=
bitbucket.org/exotel/tokenix v0.0.0-20191107062421-46659cb3af01/go.mod h1:fnpeDMUUUaMG3HRnmAaKTAOUyLjatazq8pv9tV2BiSI=
bitbucket.org/exotel/tokenix v0.0.0-20191205025616-3c25db028045 h1:v6E2BTYRyq+koP16JLzvB+SVvspEDSCQiAmuv3IkSXY=
bitbucket.org/exotel/tokenix v0.0.0-20191205025616-3c25db028045/go.mod h1:T6H3yFZgeTqZJ8ewXjzV8mt1jOmVgOP7SiE8gnA+QGA=
github.com/aerospike/aerospike-client-go v2.2.0+incompatible/go.mod h1:zj8LBEnWBDOVEIJt8LvaRvDG5ARAoa5dBeHaB472NRc=
github.com/aerospike/aerospike-client-go v2.6.0+incompatible h1:7XoIpcbHtpgzYoi/FawApkAxWNgeyImNf9N/plKiod4=
github.com/aerospike/aerospike-client-go v2.6.0+incompatible/go.mod h1:zj8LBEnWBDOVEIJt8LvaRvDG5ARAoa5dBeHaB472NRc=
github.com/ajg/form v1.5.1 h1:t9c7v8JUKu/XxOGBU0yjNpaMloxGEJhUkqFRq0ibGeU=
github.com/ajg/form v1.5.1/go.mod h1:uL1WgH+h2mgNtvBq0339dVnzXdBETtL2LeUXaIv25UY=
github.com/chzyer/logex v1.1.10/go.mod h1:+Ywpsq7O8HXn0nuIou7OrIPyXbp3wmkHB+jjWRnGsAI=
github.com/chzyer/readline v0.0.0-20180603132655-2972be24d48e/go.mod h1:nSuG5e5PlCu98SY8svDHJxuZscDgtXS6KTTbou5AhLI=
github.com/chzyer/test v0.0.0-20180213035817-a1ea475d72b1/go.mod h1:Q3SI9o4m/ZMnBNeIyt5eFwwo7qiLfzFZmjNmxjkiQlU=
github.com/davecgh/go-spew v1.1.0/go.mod h1:J7Y8YcW2NihsgmVo/mv3lAwl/skON4iLHjSsI+c5H38=
github.com/davecgh/go-spew v1.1.1/go.mod h1:J7Y8YcW2NihsgmVo/mv3lAwl/skON4iLHjSsI+c5H38=
github.com/dgrijalva/jwt-go v3.2.0+incompatible h1:7qlOGliEKZXTDg6OTjfoBKDXWrumCAMpl/TFQ4/5kLM=
github.com/dgrijalva/jwt-go v3.2.0+incompatible/go.mod h1:E3ru+11k8xSBh+hMPgOLZmtrrCbhqsmaPHjLKYnJCaQ=
github.com/fsnotify/fsnotify v1.4.7/go.mod h1:jwhsz4b93w/PPRr/qN1Yymfu8t87LnFCMoQvtojpjFo=
github.com/go-stack/stack v1.8.0/go.mod h1:v0f6uXyyMGvRgIKkXu+yp6POWl0qKG85gN/melR3HDY=
github.com/go-test/deep v1.0.2/go.mod h1:wGDj63lr65AM2AQyKZd/NYHGb0R+1RLqB8NKt3aSFNA=
github.com/gofrs/uuid v3.2.0+incompatible h1:y12jRkkFxsd7GpqdSZ+/KCs/fJbqpEXSGd4+jfEaewE=
github.com/gofrs/uuid v3.2.0+incompatible/go.mod h1:b2aQJv3Z4Fp6yNu3cdSllBxTCLRxnplIgP/c0N/04lM=
github.com/golang/protobuf v1.2.0/go.mod h1:6lQm79b+lXiMfvg/cZm0SGofjICqVBUtrP5yJMmIC1U=
github.com/golang/snappy v0.0.1/go.mod h1:/XxbfmMg8lxefKM7IXC3fBNl/7bRcc72aCRzEWrmP2Q=
github.com/google/go-cmp v0.3.0/go.mod h1:8QqcDgzrUqlUb/G2PQTWiueGozuR1884gddMywk6iLU=
github.com/gorilla/securecookie v1.1.1/go.mod h1:ra0sb63/xPlUeL+yeDciTfxMRAA+MP+HVt/4epWDjd4=
github.com/hpcloud/tail v1.0.0 h1:nfCOvKYfkgYP8hkirhJocXT2+zOD8yUNjXaWfTlyFKI=
github.com/hpcloud/tail v1.0.0/go.mod h1:ab1qPbhIpdTxEkNHXyeSf5vhxWSCs/tWer42PpOxQnU=
github.com/kr/pretty v0.1.0/go.mod h1:dAy3ld7l9f0ibDNOQOHHMYYIIbhfbHSm3C4ZsoJORNo=
github.com/kr/pty v1.1.1/go.mod h1:pFQYn66WHrOpPYNljwOMqo10TkYh1fy3cYio2l3bCsQ=
github.com/kr/text v0.1.0/go.mod h1:4Jbv+DJW3UT/LiOwJeYQe1efqtUx/iVham/4vfdArNI=
github.com/labstack/echo v3.3.10+incompatible h1:pGRcYk231ExFAyoAjAfD85kQzRJCRI8bbnE7CX5OEgg=
github.com/labstack/echo v3.3.10+incompatible/go.mod h1:0INS7j/VjnFxD4E2wkz67b8cVwCLbBmJyDaka6Cmk1s=
github.com/labstack/gommon v0.2.9/go.mod h1:E8ZTmW9vw5az5/ZyHWCp0Lw4OH2ecsaBP1C/NKavGG4=
github.com/labstack/gommon v0.3.0 h1:JEeO0bvc78PKdyHxloTKiF8BD5iGrH8T6MSeGvSgob0=
github.com/labstack/gommon v0.3.0/go.mod h1:MULnywXg0yavhxWKc+lOruYdAhDwPK9wf0OL7NoOu+k=
github.com/mattn/go-colorable v0.1.2 h1:/bC9yWikZXAL9uJdulbSfyVNIR3n3trXl+v8+1sx8mU=
github.com/mattn/go-colorable v0.1.2/go.mod h1:U0ppj6V5qS13XJ6of8GYAs25YV2eR4EVcfRqFIhoBtE=
github.com/mattn/go-isatty v0.0.8/go.mod h1:Iq45c/XA43vh69/j3iqttzPXn0bhXyGjM0Hdxcsrc5s=
github.com/mattn/go-isatty v0.0.9 h1:d5US/mDsogSGW37IV293h//ZFaeajb69h+EHFsv2xGg=
github.com/mattn/go-isatty v0.0.9/go.mod h1:YNRxwqDuOph6SZLI9vUUz6OYw3QyUt7WiY2yME+cCiQ=
github.com/onsi/ginkgo v1.6.0/go.mod h1:lLunBs/Ym6LB5Z9jYTR76FiuTmxDTDusOGeTQH+WWjE=
github.com/onsi/ginkgo v1.8.0 h1:VkHVNpR4iVnU8XQR6DBm8BqYjN7CRzw+xKUbVVbbW9w=
github.com/onsi/ginkgo v1.8.0/go.mod h1:lLunBs/Ym6LB5Z9jYTR76FiuTmxDTDusOGeTQH+WWjE=
github.com/onsi/gomega v1.5.0 h1:izbySO9zDPmjJ8rDjLvkA2zJHIo+HkYXHnf7eN7SSyo=
github.com/onsi/gomega v1.5.0/go.mod h1:ex+gbHU/CVuBBDIJjb2X0qEXbFg53c61hWP/1CpauHY=
github.com/pmezard/go-difflib v1.0.0/go.mod h1:iKH77koFhYxTK1pcRnkKkqfTogsbg7gZNVY4sRDYZ/4=
github.com/satori/go.uuid v1.2.0/go.mod h1:dA0hQrYB0VpLJoorglMZABFdXlWrHn1NEOzdhQKdks0=
github.com/stretchr/objx v0.1.0/go.mod h1:HFkY916IF+rwdDfMAkV7OtwuqBVzrE8GR6GFx+wExME=
github.com/stretchr/objx v0.2.0/go.mod h1:qt09Ya8vawLte6SNmTgCsAVtYtaKzEcn8ATUoHMkEqE=
github.com/stretchr/testify v1.3.0/go.mod h1:M5WIy9Dh21IEIfnGCwXGc5bZfKNJtfHm1UVUgZn+9EI=
github.com/stretchr/testify v1.4.0/go.mod h1:j7eGeouHqKxXV5pUuKE4zz7dFj8WfuZ+81PSLYec5m4=
github.com/tidwall/pretty v1.0.0/go.mod h1:XNkn88O1ChpSDQmQeStsy+sBenx6DDtFZJxhVysOjyk=
github.com/valyala/bytebufferpool v1.0.0 h1:GqA5TC/0021Y/b9FG4Oi9Mr3q7XYx6KllzawFIhcdPw=
github.com/valyala/bytebufferpool v1.0.0/go.mod h1:6bBcMArwyJ5K/AmCkWv1jt77kVWyCJ6HpOuEn7z0Csc=
github.com/valyala/fasttemplate v1.0.1 h1:tY9CJiPnMXf1ERmG2EyK7gNUd+c6RKGD0IfU8WdUSz8=
github.com/valyala/fasttemplate v1.0.1/go.mod h1:UQGH1tvbgY+Nz5t2n7tXsz52dQxojPUpymEIMZ47gx8=
github.com/xdg/scram v0.0.0-20180814205039-7eeb5667e42c/go.mod h1:lB8K/P019DLNhemzwFU4jHLhdvlE6uDZjXFejJXr49I=
github.com/xdg/stringprep v1.0.0/go.mod h1:Jhud4/sHMO4oL310DaZAKk9ZaJ08SJfe+sJh0HrGL1Y=
github.com/yuin/gopher-lua v0.0.0-20190514113301-1cd887cd7036 h1:1b6PAtenNyhsmo/NKXVe34h7JEZKva1YB/ne7K7mqKM=
github.com/yuin/gopher-lua v0.0.0-20190514113301-1cd887cd7036/go.mod h1:gqRgreBUhTSL0GeU64rtZ3Uq3wtjOa/TB2YfrtkCbVQ=
go.mongodb.org/mongo-driver v1.0.1-0.20190626181015-60e65d0f2639/go.mod h1:u7ryQJ+DOzQmeO7zB6MHyr8jkEQvC8vH7qLUO4lqsUM=
golang.org/x/crypto v0.0.0-20190308221718-c2843e01d9a2/go.mod h1:djNgcEr1/C05ACkg1iLfiJU5Ep61QUkGW8qpdssI0+w=
golang.org/x/crypto v0.0.0-20190701094942-4def268fd1a4 h1:HuIa8hRrWRSrqYzx1qI49NNxhdi2PrY7gxVSq1JjLDc=
golang.org/x/crypto v0.0.0-20190701094942-4def268fd1a4/go.mod h1:yigFU9vqHzYiE8UmvKecakEJjdnWj3jj499lnFckfCI=
golang.org/x/net v0.0.0-20180906233101-161cd47e91fd/go.mod h1:mL1N/T3taQHkDXs73rZJwtUhF3w3ftmwwsq0BUmARs4=
golang.org/x/net v0.0.0-20190404232315-eb5bcb51f2a3 h1:0GoQqolDA55aaLxZyTzK/Y2ePZzZTUrRacwib7cNsYQ=
golang.org/x/net v0.0.0-20190404232315-eb5bcb51f2a3/go.mod h1:t9HGtf8HONx5eT2rtn7q6eTqICYqUVnKs3thJo3Qplg=
golang.org/x/sync v0.0.0-20180314180146-1d60e4601c6f/go.mod h1:RxMgew5VJxzue5/jJTE5uejpjVlOe/izrB70Jof72aM=
golang.org/x/sync v0.0.0-20190423024810-112230192c58 h1:8gQV6CLnAEikrhgkHFbMAEhagSSnXWGV915qUMm9mrU=
golang.org/x/sync v0.0.0-20190423024810-112230192c58/go.mod h1:RxMgew5VJxzue5/jJTE5uejpjVlOe/izrB70Jof72aM=
golang.org/x/sys v0.0.0-20180909124046-d0be0721c37e/go.mod h1:STP8DvDyc/dI5b8T5hshtkjS+E42TnysNCUPdjciGhY=
golang.org/x/sys v0.0.0-20190204203706-41f3e6584952/go.mod h1:STP8DvDyc/dI5b8T5hshtkjS+E42TnysNCUPdjciGhY=
golang.org/x/sys v0.0.0-20190215142949-d0b11bdaac8a/go.mod h1:STP8DvDyc/dI5b8T5hshtkjS+E42TnysNCUPdjciGhY=
golang.org/x/sys v0.0.0-20190222072716-a9d3bda3a223/go.mod h1:STP8DvDyc/dI5b8T5hshtkjS+E42TnysNCUPdjciGhY=
golang.org/x/sys v0.0.0-20190412213103-97732733099d/go.mod h1:h1NjWce9XRLGQEsW7wpKNCjG9DtNlClVuFLEZdDNbEs=
golang.org/x/sys v0.0.0-20190602015325-4c4f7f33c9ed/go.mod h1:h1NjWce9XRLGQEsW7wpKNCjG9DtNlClVuFLEZdDNbEs=
golang.org/x/sys v0.0.0-20190813064441-fde4db37ae7a h1:aYOabOQFp6Vj6W1F80affTUvO9UxmJRx8K0gsfABByQ=
golang.org/x/sys v0.0.0-20190813064441-fde4db37ae7a/go.mod h1:h1NjWce9XRLGQEsW7wpKNCjG9DtNlClVuFLEZdDNbEs=
golang.org/x/text v0.3.0 h1:g61tztE5qeGQ89tm6NTjjM9VPIm088od1l6aSorWRWg=
golang.org/x/text v0.3.0/go.mod h1:NqM8EUOU14njkJ3fqMW+pc6Ldnwhi/IjpwHt7yyuwOQ=
gopkg.in/check.v1 v0.0.0-20161208181325-20d25e280405/go.mod h1:Co6ibVJAznAaIkqp8huTwlJQCZ016jof/cbN4VW5Yz0=
gopkg.in/check.v1 v1.0.0-20180628173108-788fd7840127/go.mod h1:Co6ibVJAznAaIkqp8huTwlJQCZ016jof/cbN4VW5Yz0=
gopkg.in/fsnotify.v1 v1.4.7 h1:xOHLXZwVvI9hhs+cLKq5+I5onOuwQLhQwiu63xxlHs4=
gopkg.in/fsnotify.v1 v1.4.7/go.mod h1:Tz8NjZHkW78fSQdbUxIjBTcgA1z1m8ZHf0WmKUhAMys=
gopkg.in/tomb.v1 v1.0.0-20141024135613-dd632973f1e7 h1:uRGJdciOHaEIrze2W8Q3AKkepLTh2hOroT7a+7czfdQ=
gopkg.in/tomb.v1 v1.0.0-20141024135613-dd632973f1e7/go.mod h1:dt/ZhP58zS4L8KSrWDmTeBkI65Dw0HsyUHuEVlX15mw=
gopkg.in/yaml.v2 v2.2.1/go.mod h1:hI93XBmqTisBFMUTm0b8Fm+jr3Dg1NNxqwp+5A1VGuI=
gopkg.in/yaml.v2 v2.2.2 h1:ZCJp+EgiOT7lHqUV2J862kp8Qj64Jo6az82+3Td9dZw=
gopkg.in/yaml.v2 v2.2.2/go.mod h1:hI93XBmqTisBFMUTm0b8Fm+jr3Dg1NNxqwp+5A1VGuI=
